
Microsoft Visual Studio Solution File, Format Version 12.00
# Visual Studio Version 17
VisualStudioVersion = 17.5.33530.505
MinimumVisualStudioVersion = 10.0.40219.1
Project("{9A19103F-16F7-4668-BE54-9A1E7A4F7556}") = "CRM.API", "CRM.API.csproj", "{2C69659D-F957-4EAF-84FC-5F1DA9DDF7D3}"
EndProject
Project("{9A19103F-16F7-4668-BE54-9A1E7A4F7556}") = "CRM.DTOs", "..\CRM.DTOs\CRM.DTOs.csproj", "{8F4E02CF-734F-46A4-BBCE-B7BCBAE7DB8F}"
EndProject
Project("{9A19103F-16F7-4668-BE54-9A1E7A4F7556}") = "CRM.AppWebMVC", "..\CRM.AppWebMVC\CRM.AppWebMVC.csproj", "{B216C998-2A7E-49B4-8A0A-E68A6FE8CFE1}"
EndProject
Project("{FAE04EC0-301F-11D3-BF4B-00C04F79EFBC}") = "CRM.AppWebBlazor", "..\CRM.AppWebBlazor\CRM.AppWebBlazor.csproj", "{245B2F8C-A5DE-4525-8052-4213A8A86B9A}"
EndProject
Global
	GlobalSection(SolutionConfigurationPlatforms) = preSolution
		Debug|Any CPU = Debug|Any CPU
		Release|Any CPU = Release|Any CPU
	EndGlobalSection
	GlobalSection(ProjectConfigurationPlatforms) = postSolution
		{2C69659D-F957-4EAF-84FC-5F1DA9DDF7D3}.Debug|Any CPU.ActiveCfg = Debug|Any CPU
		{2C69659D-F957-4EAF-84FC-5F1DA9DDF7D3}.Debug|Any CPU.Build.0 = Debug|Any CPU
		{2C69659D-F957-4EAF-84FC-5F1DA9DDF7D3}.Release|Any CPU.ActiveCfg = Release|Any CPU
		{2C69659D-F957-4EAF-84FC-5F1DA9DDF7D3}.Release|Any CPU.Build.0 = Release|Any CPU
		{8F4E02CF-734F-46A4-BBCE-B7BCBAE7DB8F}.Debug|Any CPU.ActiveCfg = Debug|Any CPU
		{8F4E02CF-734F-46A4-BBCE-B7BCBAE7DB8F}.Debug|Any CPU.Build.0 = Debug|Any CPU
		{8F4E02CF-734F-46A4-BBCE-B7BCBAE7DB8F}.Release|Any CPU.ActiveCfg = Release|Any CPU
		{8F4E02CF-734F-46A4-BBCE-B7BCBAE7DB8F}.Release|Any CPU.Build.0 = Release|Any CPU
		{B216C998-2A7E-49B4-8A0A-E68A6FE8CFE1}.Debug|Any CPU.ActiveCfg = Debug|Any CPU
		{B216C998-2A7E-49B4-8A0A-E68A6FE8CFE1}.Debug|Any CPU.Build.0 = Debug|Any CPU
		{B216C998-2A7E-49B4-8A0A-E68A6FE8CFE1}.Release|Any CPU.ActiveCfg = Release|Any CPU
		{B216C998-2A7E-49B4-8A0A-E68A6FE8CFE1}.Release|Any CPU.Build.0 = Release|Any CPU
		{245B2F8C-A5DE-4525-8052-4213A8A86B9A}.Debug|Any CPU.ActiveCfg = Debug|Any CPU
		{245B2F8C-A5DE-4525-8052-4213A8A86B9A}.Debug|Any CPU.Build.0 = Debug|Any CPU
		{245B2F8C-A5DE-4525-8052-4213A8A86B9A}.Release|Any CPU.ActiveCfg = Release|Any CPU
		{245B2F8C-A5DE-4525-8052-4213A8A86B9A}.Release|Any CPU.Build.0 = Release|Any CPU
	EndGlobalSection
	GlobalSection(SolutionProperties) = preSolution
		HideSolutionNode = FALSE
	EndGlobalSection
	GlobalSection(ExtensibilityGlobals) = postSolution
		SolutionGuid = {1930FD67-22FA-48D7-9B4D-8699D49C6EE1}
	EndGlobalSection
EndGlobal
